{
  "version": 1,
  "dependencies": {
    "net11.0": {
      "Microsoft.Extensions.Logging": {
        "type": "Direct",
        "requested": "[11.0.0-preview.4.26230.115, )",
        "resolved": "11.0.0-preview.4.26230.115",
        "contentHash": "EpZS5qqhsNXwgeSCl2m1VkysA+pTh3qlhyjkjiu0peZt/V7IyANJXQQUuv3y2kp/jzd9XdfzuUJU0Fgp7rcDGg==",
        "dependencies": {
          "Microsoft.Extensions.DependencyInjection": "11.0.0-preview.4.26230.115"
        }
      },
      "Microsoft.NET.ILLink.Tasks": {
        "type": "Direct",
        "requested": "[11.0.0-preview.4.26230.115, )",
        "resolved": "11.0.0-preview.4.26230.115",
        "contentHash": "nTgz3cEJpZnZ8+XIXkCLqWxFiF9G44jg2mc383XaqX3YniIGs0Ap6Ky26KLX+znYZ6xHBG9ffie1/I8ZJiTtBQ=="
      },
      "Microsoft.SourceLink.GitHub": {
        "type": "Direct",
        "requested": "[11.0.100-preview.4.26230.115, )",
        "resolved": "11.0.100-preview.4.26230.115",
        "contentHash": "5luJMUVknyf2SxqagD7hkXxNAe+D+DchBQRur9cXkSKuGg/Gc45LDuTURNEFIg2kdIQJiWkw1iMts0BLRegMUQ==",
        "dependencies": {
          "Microsoft.Build.Tasks.Git": "11.0.100-preview.4.26230.115",
          "Microsoft.SourceLink.Common": "11.0.100-preview.4.26230.115",
          "System.IO.Hashing": "11.0.0-preview.4.26230.115"
        }
      },
      "Microsoft.Build.Tasks.Git": {
        "type": "Transitive",
        "resolved": "11.0.100-preview.4.26230.115",
        "contentHash": "6LBsPCchmx+/qNpp14oh2aAjeffeYXpWh1ea1cRtnptqMiatIKoaXKCPXNIJs4qL20g7DXQiUzKcHA92X+YT9Q==",
        "dependencies": {
          "System.IO.Hashing": "11.0.0-preview.4.26230.115"
        }
      },
      "Microsoft.Extensions.DependencyInjection": {
        "type": "Transitive",
        "resolved": "11.0.0-preview.4.26230.115",
        "contentHash": "v+F34r5W5XgR95xG0Te2KyYmCDnkc4kljLMGEZ30WKQjAzuXz/pLTEvsRNYxNJUzfKPI0H4oqLglyHZkCe1lYw=="
      },
      "Microsoft.SourceLink.Common": {
        "type": "Transitive",
        "resolved": "11.0.100-preview.4.26230.115",
        "contentHash": "TVzKbGdmyf0i7l8cNAjVRTTmnz0uPfTNxuzD+ZIf4MmXrf/BLFS47HVnYWQgeetp5EIcplUBMuGTxhz/3uWAdA=="
      },
      "System.IO.Hashing": {
        "type": "Transitive",
        "resolved": "11.0.0-preview.4.26230.115",
        "contentHash": "MMUYjoJ5Ibm08iViyeOQ6TPeti/aJ/LC0HIkZQsrvt/4H6KPmrNaiP5WDBax8I+iLpeBzZU3/u1sdMNO73RDuA=="
      }
    }
  }
}